{
  "name": "Progetto-programmazione-avanzata-2022-23",
  "lockfileVersion": 3,
  "requires": true,
  "packages": {
    "": {
      "dependencies": {
        "dobbyscan": "^1.0.0"
      }
    },
    "node_modules/dobbyscan": {
      "version": "1.0.0",
      "resolved": "https://registry.npmjs.org/dobbyscan/-/dobbyscan-1.0.0.tgz",
      "integrity": "sha512-NfCyaKF+oMRUhLx4Bjv75nCOnwdyzVibqI+J2PXaaCilkpZ4/3zoXKlH1dHcqFNaeox/zgKc5Tu1k/IOprboPA==",
      "dependencies": {
        "geokdbush": "^1.1.0",
        "kdbush": "^1.0.1"
      }
    },
    "node_modules/geokdbush": {
      "version": "1.1.0",
      "resolved": "https://registry.npmjs.org/geokdbush/-/geokdbush-1.1.0.tgz",
      "integrity": "sha512-pyyrGCMXZwWJaGt1YZIgGQg5ol3JjvEKESTon10HxdfWXlaqh5An8fNJkwOYUE+VkQfCdvYQKPVezTQU9AqWAA==",
      "dependencies": {
        "tinyqueue": "^1.2.2"
      }
    },
    "node_modules/kdbush": {
      "version": "1.0.1",
      "resolved": "https://registry.npmjs.org/kdbush/-/kdbush-1.0.1.tgz",
      "integrity": "sha512-Y75c18KdvLKRmqHc0u2WUYud1vEj54i+8SNBxsowr6LJJsnNUJ8KK8cH7uHDpC5U66NNlieEzVxeWipZaYfN0w=="
    },
    "node_modules/tinyqueue": {
      "version": "1.2.3",
      "resolved": "https://registry.npmjs.org/tinyqueue/-/tinyqueue-1.2.3.tgz",
      "integrity": "sha512-Qz9RgWuO9l8lT+Y9xvbzhPT2efIUIFd69N7eF7tJ9lnQl0iLj1M7peK7IoUGZL9DJHw9XftqLreccfxcQgYLxA=="
    }
  }
}
